
Microsoft Visual Studio Solution File, Format Version 12.00
Project("{FAE04EC0-301F-11D3-BF4B-00C04F79EFBC}") = "EmployeeLeaveManagementSystem", "EmployeeLeaveManagementSystem.csproj", "{B43DA2F4-E51A-4982-9AFE-7944B96A243F}"
EndProject
Global
	GlobalSection(SolutionConfigurationPlatforms) = preSolution
		Debug|Any CPU = Debug|Any CPU
		Release|Any CPU = Release|Any CPU
	EndGlobalSection
	GlobalSection(ProjectConfigurationPlatforms) = postSolution
		{B43DA2F4-E51A-4982-9AFE-7944B96A243F}.Debug|Any CPU.ActiveCfg = Debug|Any CPU
		{B43DA2F4-E51A-4982-9AFE-7944B96A243F}.Debug|Any CPU.Build.0 = Debug|Any CPU
		{B43DA2F4-E51A-4982-9AFE-7944B96A243F}.Release|Any CPU.ActiveCfg = Release|Any CPU
		{B43DA2F4-E51A-4982-9AFE-7944B96A243F}.Release|Any CPU.Build.0 = Release|Any CPU
	EndGlobalSection
EndGlobal
